{
  "name": "demo",
  "version": "1.0.0",
  "lockfileVersion": 1,
  "requires": true,
  "dependencies": {
    "getavataaars": {
      "version": "0.0.8",
      "resolved": "https://registry.npmjs.org/getavataaars/-/getavataaars-0.0.8.tgz",
      "integrity": "sha512-dXDyMQzUTRt3fYVLX4jOLHJc8ra9AtA2VAA1lbollbe7Ucro+zqa1ebI79i9S3kbmdqQkzrdK7JGNDnCfYVr/g==",
      "dev": true
    }
  }
}
